{
    "_readme": [
        "This file locks the dependencies of your project to a known state",
        "Read more about it at http://getcomposer.org/doc/01-basic-usage.md#composer-lock-the-lock-file"
    ],
    "hash": "1681a883156363e83195a2ce0c8b07f0",
    "packages": [
        {
            "name": "jlogsdon/cli",
            "version": "v0.9.4",
            "source": {
                "type": "git",
                "url": "https://github.com/jlogsdon/php-cli-tools.git",
                "reference": "e051551f45fb833b67d9fe99e0c696dbc6d283f0"
            },
            "dist": {
                "type": "zip",
                "url": "https://api.github.com/repos/jlogsdon/php-cli-tools/zipball/e051551f45fb833b67d9fe99e0c696dbc6d283f0",
                "reference": "e051551f45fb833b67d9fe99e0c696dbc6d283f0",
                "shasum": ""
            },
            "require": {
                "php": ">= 5.3.0"
            },
            "type": "library",
            "autoload": {
                "psr-0": {
                    "cli": "lib/"
                },
                "files": [
                    "lib/cli/cli.php"
                ]
            },
            "notification-url": "https://packagist.org/downloads/",
            "license": [
                "MIT"
            ],
            "authors": [
                {
                    "name": "James Logsdon",
                    "email": "jlogsdon@php.net",
                    "role": "Developer"
                }
            ],
            "description": "Console utilities for PHP",
            "homepage": "http://github.com/jlogsdon/php-cli-tools",
            "keywords": [
                "cli",
                "console"
            ],
            "time": "2013-06-17 19:40:15"
        },
        {
            "name": "sepia/po-parser",
            "version": "3.0.3",
            "source": {
                "type": "git",
                "url": "https://github.com/raulferras/PHP-po-parser.git",
                "reference": "191f21701ecb107221775b36d3a21e7d3a4cf7a5"
            },
            "dist": {
                "type": "zip",
                "url": "https://api.github.com/repos/raulferras/PHP-po-parser/zipball/191f21701ecb107221775b36d3a21e7d3a4cf7a5",
                "reference": "191f21701ecb107221775b36d3a21e7d3a4cf7a5",
                "shasum": ""
            },
            "require-dev": {
                "phpunit/phpunit": "3.7.*"
            },
            "type": "library",
            "autoload": {
                "psr-0": {
                    "Sepia": "src/"
                }
            },
            "notification-url": "https://packagist.org/downloads/",
            "license": [
                "MIT"
            ],
            "authors": [
                {
                    "name": "Raúl Ferràs",
                    "email": "raul.ferras@gmail.com",
                    "role": "developer"
                }
            ],
            "description": "PO file parser for PHP.",
            "homepage": "https://github.com/raulferras/PHP-po-parser",
            "keywords": [
                "gettext",
                "i10n",
                "i18n",
                "po"
            ],
            "time": "2014-01-23 20:08:57"
        }
    ],
    "packages-dev": [

    ],
    "aliases": [

    ],
    "minimum-stability": "stable",
    "stability-flags": [

    ],
    "platform": [

    ],
    "platform-dev": [

    ]
}
